{
  "object": {
    "pins": [
      {
        "package": "Alamofire",
        "repositoryURL": "https://github.com/Alamofire/Alamofire",
        "state": {
          "branch": "master",
          "revision": "c38feeb32cd728928da82ecec6fca43f398dfe22",
          "version": null
        }
      },
      {
        "package": "SDWebImage",
        "repositoryURL": "https://github.com/SDWebImage/SDWebImage",
        "state": {
          "branch": "master",
          "revision": "73cd294129dc157cd142ae850377031456cc93cf",
          "version": null
        }
      }
    ]
  },
  "version": 1
}
